// !$*UTF8*$!
{
	archiveVersion = 1;
	classes = {
	};
	objectVersion = 46;
	objects = {

/* Begin PBXBuildFile section */
		22A4274C1A6B03B900AE020E /* AppDelegate.swift in Sources */ = {isa = PBXBuildFile; fileRef = 22A4274B1A6B03B900AE020E /* AppDelegate.swift */; };
		22A4274E1A6B03B900AE020E /* ViewController.swift in Sources */ = {isa = PBXBuildFile; fileRef = 22A4274D1A6B03B900AE020E /* ViewController.swift */; };
		22A427511A6B03B900AE020E /* Main.storyboard in Resources */ = {isa = PBXBuildFile; fileRef = 22A4274F1A6B03B900AE020E /* Main.storyboard */; };
		22A427531A6B03B900AE020E /* Images.xcassets in Resources */ = {isa = PBXBuildFile; fileRef = 22A427521A6B03B900AE020E /* Images.xcassets */; };
		22A427561A6B03B900AE020E /* LaunchScreen.xib in Resources */ = {isa = PBXBuildFile; fileRef = 22A427541A6B03B900AE020E /* LaunchScreen.xib */; };
		22A427621A6B03B900AE020E /* GameTests.swift in Sources */ = {isa = PBXBuildFile; fileRef = 22A427611A6B03B900AE020E /* GameTests.swift */; };
		22A4276E1A6B040D00AE020E /* Player.swift in Sources */ = {isa = PBXBuildFile; fileRef = 22A4276D1A6B040D00AE020E /* Player.swift */; };
		22A427701A6B66DE00AE020E /* GoodPlayer.swift in Sources */ = {isa = PBXBuildFile; fileRef = 22A4276F1A6B66DE00AE020E /* GoodPlayer.swift */; };
		22A427721A6B6C8400AE020E /* BadPlayer.swift in Sources */ = {isa = PBXBuildFile; fileRef = 22A427711A6B6C8400AE020E /* BadPlayer.swift */; };
/* End PBXBuildFile section */

/* Begin PBXContainerItemProxy section */
		22A4275C1A6B03B900AE020E /* PBXContainerItemProxy */ = {
			isa = PBXContainerItemProxy;
			containerPortal = 22A4273E1A6B03B900AE020E /* Project object */;
			proxyType = 1;
			remoteGlobalIDString = 22A427451A6B03B900AE020E;
			remoteInfo = Game;
		};
/* End PBXContainerItemProxy section */

/* Begin PBXFileReference section */
		22A427461A6B03B900AE020E /* Game.app */ = {isa = PBXFileReference; explicitFileType = wrapper.application; includeInIndex = 0; path = Game.app; sourceTree = BUILT_PRODUCTS_DIR; };
		22A4274A1A6B03B900AE020E /* Info.plist */ = {isa = PBXFileReference; lastKnownFileType = text.plist.xml; path = Info.plist; sourceTree = "<group>"; };
		22A4274B1A6B03B900AE020E /* AppDelegate.swift */ = {isa = PBXFileReference; lastKnownFileType = sourcecode.swift; path = AppDelegate.swift; sourceTree = "<group>"; };
		22A4274D1A6B03B900AE020E /* ViewController.swift */ = {isa = PBXFileReference; lastKnownFileType = sourcecode.swift; path = ViewController.swift; sourceTree = "<group>"; };
		22A427501A6B03B900AE020E /* Base */ = {isa = PBXFileReference; lastKnownFileType = file.storyboard; name = Base; path = Base.lproj/Main.storyboard; sourceTree = "<group>"; };
		22A427521A6B03B900AE020E /* Images.xcassets */ = {isa = PBXFileReference; lastKnownFileType = folder.assetcatalog; path = Images.xcassets; sourceTree = "<group>"; };
		22A427551A6B03B900AE020E /* Base */ = {isa = PBXFileReference; lastKnownFileType = file.xib; name = Base; path = Base.lproj/LaunchScreen.xib; sourceTree = "<group>"; };
		22A4275B1A6B03B900AE020E /* GameTests.xctest */ = {isa = PBXFileReference; explicitFileType = wrapper.cfbundle; includeInIndex = 0; path = GameTests.xctest; sourceTree = BUILT_PRODUCTS_DIR; };
		22A427601A6B03B900AE020E /* Info.plist */ = {isa = PBXFileReference; lastKnownFileType = text.plist.xml; path = Info.plist; sourceTree = "<group>"; };
		22A427611A6B03B900AE020E /* GameTests.swift */ = {isa = PBXFileReference; lastKnownFileType = sourcecode.swift; path = GameTests.swift; sourceTree = "<group>"; };
		22A4276D1A6B040D00AE020E /* Player.swift */ = {isa = PBXFileReference; fileEncoding = 4; lastKnownFileType = sourcecode.swift; name = Player.swift; path = ../Player.swift; sourceTree = "<group>"; };
		22A4276F1A6B66DE00AE020E /* GoodPlayer.swift */ = {isa = PBXFileReference; fileEncoding = 4; lastKnownFileType = sourcecode.swift; name = GoodPlayer.swift; path = ../GoodPlayer.swift; sourceTree = "<group>"; };
		22A427711A6B6C8400AE020E /* BadPlayer.swift */ = {isa = PBXFileReference; fileEncoding = 4; lastKnownFileType = sourcecode.swift; name = BadPlayer.swift; path = ../BadPlayer.swift; sourceTree = "<group>"; };
/* End PBXFileReference section */

/* Begin PBXFrameworksBuildPhase section */
		22A427431A6B03B900AE020E /* Frameworks */ = {
			isa = PBXFrameworksBuildPhase;
			buildActionMask = 2147483647;
			files = (
			);
			runOnlyForDeploymentPostprocessing = 0;
		};
		22A427581A6B03B900AE020E /* Frameworks */ = {
			isa = PBXFrameworksBuildPhase;
			buildActionMask = 2147483647;
			files = (
			);
			runOnlyForDeploymentPostprocessing = 0;
		};
/* End PBXFrameworksBuildPhase section */

/* Begin PBXGroup section */
		22A4273D1A6B03B900AE020E = {
			isa = PBXGroup;
			children = (
				22A427481A6B03B900AE020E /* Game */,
				22A4275E1A6B03B900AE020E /* GameTests */,
				22A427471A6B03B900AE020E /* Products */,
			);
			sourceTree = "<group>";
		};
		22A427471A6B03B900AE020E /* Products */ = {
			isa = PBXGroup;
			children = (
				22A427461A6B03B900AE020E /* Game.app */,
				22A4275B1A6B03B900AE020E /* GameTests.xctest */,
			);
			name = Products;
			sourceTree = "<group>";
		};
		22A427481A6B03B900AE020E /* Game */ = {
			isa = PBXGroup;
			children = (
				22A4276D1A6B040D00AE020E /* Player.swift */,
				22A4276F1A6B66DE00AE020E /* GoodPlayer.swift */,
				22A427711A6B6C8400AE020E /* BadPlayer.swift */,
				22A4274B1A6B03B900AE020E /* AppDelegate.swift */,
				22A4274D1A6B03B900AE020E /* ViewController.swift */,
				22A4274F1A6B03B900AE020E /* Main.storyboard */,
				22A427521A6B03B900AE020E /* Images.xcassets */,
				22A427541A6B03B900AE020E /* LaunchScreen.xib */,
				22A427491A6B03B900AE020E /* Supporting Files */,
			);
			path = Game;
			sourceTree = "<group>";
		};
		22A427491A6B03B900AE020E /* Supporting Files */ = {
			isa = PBXGroup;
			children = (
				22A4274A1A6B03B900AE020E /* Info.plist */,
			);
			name = "Supporting Files";
			sourceTree = "<group>";
		};
		22A4275E1A6B03B900AE020E /* GameTests */ = {
			isa = PBXGroup;
			children = (
				22A427611A6B03B900AE020E /* GameTests.swift */,
				22A4275F1A6B03B900AE020E /* Supporting Files */,
			);
			path = GameTests;
			sourceTree = "<group>";
		};
		22A4275F1A6B03B900AE020E /* Supporting Files */ = {
			isa = PBXGroup;
			children = (
				22A427601A6B03B900AE020E /* Info.plist */,
			);
			name = "Supporting Files";
			sourceTree = "<group>";
		};
/* End PBXGroup section */

/* Begin PBXNativeTarget section */
		22A427451A6B03B900AE020E /* Game */ = {
			isa = PBXNativeTarget;
			buildConfigurationList = 22A427651A6B03B900AE020E /* Build configuration list for PBXNativeTarget "Game" */;
			buildPhases = (
				22A427421A6B03B900AE020E /* Sources */,
				22A427431A6B03B900AE020E /* Frameworks */,
				22A427441A6B03B900AE020E /* Resources */,
			);
			buildRules = (
			);
			dependencies = (
			);
			name = Game;
			productName = Game;
			productReference = 22A427461A6B03B900AE020E /* Game.app */;
			productType = "com.apple.product-type.application";
		};
		22A4275A1A6B03B900AE020E /* GameTests */ = {
			isa = PBXNativeTarget;
			buildConfigurationList = 22A427681A6B03B900AE020E /* Build configuration list for PBXNativeTarget "GameTests" */;
			buildPhases = (
				22A427571A6B03B900AE020E /* Sources */,
				22A427581A6B03B900AE020E /* Frameworks */,
				22A427591A6B03B900AE020E /* Resources */,
			);
			buildRules = (
			);
			dependencies = (
				22A4275D1A6B03B900AE020E /* PBXTargetDependency */,
			);
			name = GameTests;
			productName = GameTests;
			productReference = 22A4275B1A6B03B900AE020E /* GameTests.xctest */;
			productType = "com.apple.product-type.bundle.unit-test";
		};
/* End PBXNativeTarget section */

/* Begin PBXProject section */
		22A4273E1A6B03B900AE020E /* Project object */ = {
			isa = PBXProject;
			attributes = {
				LastUpgradeCheck = 0610;
				ORGANIZATIONNAME = "Liliya Gateva";
				TargetAttributes = {
					22A427451A6B03B900AE020E = {
						CreatedOnToolsVersion = 6.1.1;
					};
					22A4275A1A6B03B900AE020E = {
						CreatedOnToolsVersion = 6.1.1;
						TestTargetID = 22A427451A6B03B900AE020E;
					};
				};
			};
			buildConfigurationList = 22A427411A6B03B900AE020E /* Build configuration list for PBXProject "Game" */;
			compatibilityVersion = "Xcode 3.2";
			developmentRegion = English;
			hasScannedForEncodings = 0;
			knownRegions = (
				en,
				Base,
			);
			mainGroup = 22A4273D1A6B03B900AE020E;
			productRefGroup = 22A427471A6B03B900AE020E /* Products */;
			projectDirPath = "";
			projectRoot = "";
			targets = (
				22A427451A6B03B900AE020E /* Game */,
				22A4275A1A6B03B900AE020E /* GameTests */,
			);
		};
/* End PBXProject section */

/* Begin PBXResourcesBuildPhase section */
		22A427441A6B03B900AE020E /* Resources */ = {
			isa = PBXResourcesBuildPhase;
			buildActionMask = 2147483647;
			files = (
				22A427511A6B03B900AE020E /* Main.storyboard in Resources */,
				22A427561A6B03B900AE020E /* LaunchScreen.xib in Resources */,
				22A427531A6B03B900AE020E /* Images.xcassets in Resources */,
			);
			runOnlyForDeploymentPostprocessing = 0;
		};
		22A427591A6B03B900AE020E /* Resources */ = {
			isa = PBXResourcesBuildPhase;
			buildActionMask = 2147483647;
			files = (
			);
			runOnlyForDeploymentPostprocessing = 0;
		};
/* End PBXResourcesBuildPhase section */

/* Begin PBXSourcesBuildPhase section */
		22A427421A6B03B900AE020E /* Sources */ = {
			isa = PBXSourcesBuildPhase;
			buildActionMask = 2147483647;
			files = (
				22A4274E1A6B03B900AE020E /* ViewController.swift in Sources */,
				22A427721A6B6C8400AE020E /* BadPlayer.swift in Sources */,
				22A427701A6B66DE00AE020E /* GoodPlayer.swift in Sources */,
				22A4276E1A6B040D00AE020E /* Player.swift in Sources */,
				22A4274C1A6B03B900AE020E /* AppDelegate.swift in Sources */,
			);
			runOnlyForDeploymentPostprocessing = 0;
		};
		22A427571A6B03B900AE020E /* Sources */ = {
			isa = PBXSourcesBuildPhase;
			buildActionMask = 2147483647;
			files = (
				22A427621A6B03B900AE020E /* GameTests.swift in Sources */,
			);
			runOnlyForDeploymentPostprocessing = 0;
		};
/* End PBXSourcesBuildPhase section */

/* Begin PBXTargetDependency section */
		22A4275D1A6B03B900AE020E /* PBXTargetDependency */ = {
			isa = PBXTargetDependency;
			target = 22A427451A6B03B900AE020E /* Game */;
			targetProxy = 22A4275C1A6B03B900AE020E /* PBXContainerItemProxy */;
		};
/* End PBXTargetDependency section */

/* Begin PBXVariantGroup section */
		22A4274F1A6B03B900AE020E /* Main.storyboard */ = {
			isa = PBXVariantGroup;
			children = (
				22A427501A6B03B900AE020E /* Base */,
			);
			name = Main.storyboard;
			sourceTree = "<group>";
		};
		22A427541A6B03B900AE020E /* LaunchScreen.xib */ = {
			isa = PBXVariantGroup;
			children = (
				22A427551A6B03B900AE020E /* Base */,
			);
			name = LaunchScreen.xib;
			sourceTree = "<group>";
		};
/* End PBXVariantGroup section */

/* Begin XCBuildConfiguration section */
		22A427631A6B03B900AE020E /* Debug */ = {
			isa = XCBuildConfiguration;
			buildSettings = {
				ALWAYS_SEARCH_USER_PATHS = NO;
				CLANG_CXX_LANGUAGE_STANDARD = "gnu++0x";
				CLANG_CXX_LIBRARY = "libc++";
				CLANG_ENABLE_MODULES = YES;
				CLANG_ENABLE_OBJC_ARC = YES;
				CLANG_WARN_BOOL_CONVERSION = YES;
				CLANG_WARN_CONSTANT_CONVERSION = YES;
				CLANG_WARN_DIRECT_OBJC_ISA_USAGE = YES_ERROR;
				CLANG_WARN_EMPTY_BODY = YES;
				CLANG_WARN_ENUM_CONVERSION = YES;
				CLANG_WARN_INT_CONVERSION = YES;
				CLANG_WARN_OBJC_ROOT_CLASS = YES_ERROR;
				CLANG_WARN_UNREACHABLE_CODE = YES;
				CLANG_WARN__DUPLICATE_METHOD_MATCH = YES;
				"CODE_SIGN_IDENTITY[sdk=iphoneos*]" = "iPhone Developer";
				COPY_PHASE_STRIP = NO;
				ENABLE_STRICT_OBJC_MSGSEND = YES;
				GCC_C_LANGUAGE_STANDARD = gnu99;
				GCC_DYNAMIC_NO_PIC = NO;
				GCC_OPTIMIZATION_LEVEL = 0;
				GCC_PREPROCESSOR_DEFINITIONS = (
					"DEBUG=1",
					"$(inherited)",
				);
				GCC_SYMBOLS_PRIVATE_EXTERN = NO;
				GCC_WARN_64_TO_32_BIT_CONVERSION = YES;
				GCC_WARN_ABOUT_RETURN_TYPE = YES_ERROR;
				GCC_WARN_UNDECLARED_SELECTOR = YES;
				GCC_WARN_UNINITIALIZED_AUTOS = YES_AGGRESSIVE;
				GCC_WARN_UNUSED_FUNCTION = YES;
				GCC_WARN_UNUSED_VARIABLE = YES;
				IPHONEOS_DEPLOYMENT_TARGET = 8.1;
				MTL_ENABLE_DEBUG_INFO = YES;
				ONLY_ACTIVE_ARCH = YES;
				SDKROOT = iphoneos;
				SWIFT_OPTIMIZATION_LEVEL = "-Onone";
			};
			name = Debug;
		};
		22A427641A6B03B900AE020E /* Release */ = {
			isa = XCBuildConfiguration;
			buildSettings = {
				ALWAYS_SEARCH_USER_PATHS = NO;
				CLANG_CXX_LANGUAGE_STANDARD = "gnu++0x";
				CLANG_CXX_LIBRARY = "libc++";
				CLANG_ENABLE_MODULES = YES;
				CLANG_ENABLE_OBJC_ARC = YES;
				CLANG_WARN_BOOL_CONVERSION = YES;
				CLANG_WARN_CONSTANT_CONVERSION = YES;
				CLANG_WARN_DIRECT_OBJC_ISA_USAGE = YES_ERROR;
				CLANG_WARN_EMPTY_BODY = YES;
				CLANG_WARN_ENUM_CONVERSION = YES;
				CLANG_WARN_INT_CONVERSION = YES;
				CLANG_WARN_OBJC_ROOT_CLASS = YES_ERROR;
				CLANG_WARN_UNREACHABLE_CODE = YES;
				CLANG_WARN__DUPLICATE_METHOD_MATCH = YES;
				"CODE_SIGN_IDENTITY[sdk=iphoneos*]" = "iPhone Developer";
				COPY_PHASE_STRIP = YES;
				ENABLE_NS_ASSERTIONS = NO;
				ENABLE_STRICT_OBJC_MSGSEND = YES;
				GCC_C_LANGUAGE_STANDARD = gnu99;
				GCC_WARN_64_TO_32_BIT_CONVERSION = YES;
				GCC_WARN_ABOUT_RETURN_TYPE = YES_ERROR;
				GCC_WARN_UNDECLARED_SELECTOR = YES;
				GCC_WARN_UNINITIALIZED_AUTOS = YES_AGGRESSIVE;
				GCC_WARN_UNUSED_FUNCTION = YES;
				GCC_WARN_UNUSED_VARIABLE = YES;
				IPHONEOS_DEPLOYMENT_TARGET = 8.1;
				MTL_ENABLE_DEBUG_INFO = NO;
				SDKROOT = iphoneos;
				VALIDATE_PRODUCT = YES;
			};
			name = Release;
		};
		22A427661A6B03B900AE020E /* Debug */ = {
			isa = XCBuildConfiguration;
			buildSettings = {
				ASSETCATALOG_COMPILER_APPICON_NAME = AppIcon;
				INFOPLIST_FILE = Game/Info.plist;
				LD_RUNPATH_SEARCH_PATHS = "$(inherited) @executable_path/Frameworks";
				PRODUCT_NAME = "$(TARGET_NAME)";
			};
			name = Debug;
		};
		22A427671A6B03B900AE020E /* Release */ = {
			isa = XCBuildConfiguration;
			buildSettings = {
				ASSETCATALOG_COMPILER_APPICON_NAME = AppIcon;
				INFOPLIST_FILE = Game/Info.plist;
				LD_RUNPATH_SEARCH_PATHS = "$(inherited) @executable_path/Frameworks";
				PRODUCT_NAME = "$(TARGET_NAME)";
			};
			name = Release;
		};
		22A427691A6B03B900AE020E /* Debug */ = {
			isa = XCBuildConfiguration;
			buildSettings = {
				BUNDLE_LOADER = "$(TEST_HOST)";
				FRAMEWORK_SEARCH_PATHS = (
					"$(SDKROOT)/Developer/Library/Frameworks",
					"$(inherited)",
				);
				GCC_PREPROCESSOR_DEFINITIONS = (
					"DEBUG=1",
					"$(inherited)",
				);
				INFOPLIST_FILE = GameTests/Info.plist;
				LD_RUNPATH_SEARCH_PATHS = "$(inherited) @executable_path/Frameworks @loader_path/Frameworks";
				PRODUCT_NAME = "$(TARGET_NAME)";
				TEST_HOST = "$(BUILT_PRODUCTS_DIR)/Game.app/Game";
			};
			name = Debug;
		};
		22A4276A1A6B03B900AE020E /* Release */ = {
			isa = XCBuildConfiguration;
			buildSettings = {
				BUNDLE_LOADER = "$(TEST_HOST)";
				FRAMEWORK_SEARCH_PATHS = (
					"$(SDKROOT)/Developer/Library/Frameworks",
					"$(inherited)",
				);
				INFOPLIST_FILE = GameTests/Info.plist;
				LD_RUNPATH_SEARCH_PATHS = "$(inherited) @executable_path/Frameworks @loader_path/Frameworks";
				PRODUCT_NAME = "$(TARGET_NAME)";
				TEST_HOST = "$(BUILT_PRODUCTS_DIR)/Game.app/Game";
			};
			name = Release;
		};
/* End XCBuildConfiguration section */

/* Begin XCConfigurationList section */
		22A427411A6B03B900AE020E /* Build configuration list for PBXProject "Game" */ = {
			isa = XCConfigurationList;
			buildConfigurations = (
				22A427631A6B03B900AE020E /* Debug */,
				22A427641A6B03B900AE020E /* Release */,
			);
			defaultConfigurationIsVisible = 0;
			defaultConfigurationName = Release;
		};
		22A427651A6B03B900AE020E /* Build configuration list for PBXNativeTarget "Game" */ = {
			isa = XCConfigurationList;
			buildConfigurations = (
				22A427661A6B03B900AE020E /* Debug */,
				22A427671A6B03B900AE020E /* Release */,
			);
			defaultConfigurationIsVisible = 0;
		};
		22A427681A6B03B900AE020E /* Build configuration list for PBXNativeTarget "GameTests" */ = {
			isa = XCConfigurationList;
			buildConfigurations = (
				22A427691A6B03B900AE020E /* Debug */,
				22A4276A1A6B03B900AE020E /* Release */,
			);
			defaultConfigurationIsVisible = 0;
		};
/* End XCConfigurationList section */
	};
	rootObject = 22A4273E1A6B03B900AE020E /* Project object */;
}
